{
    "develop": {
        "django-debug-toolbar": {
            "version": "==1.7",
            "hash": "sha256:bd929113ae22d7553c3ae6a6cb6762e8453784972eca06fa396aca47d0b66874"
        },
        "Django": {
            "version": "==1.10.6",
            "hash": "sha256:2cfb83859bfaa10e2bd586340bead27c69fdcaa21fa683a008cc712482c26726"
        },
        "sqlparse": {
            "version": "==0.2.3",
            "hash": "sha256:740a023ef38ce11bbb99a9d143856f56ef4ec5b0d7a853f58c02c65b035114c4"
        }
    },
    "_meta": {
        "requires": {},
        "hash": {
            "sha256": "af3b865a8a56f114a005854edae04b23f6e7a3586eedc3d46489f4e9e798e0bc"
        },
        "sources": [
            {
                "url": "https://pypi.python.org/simple",
                "verify_ssl": true
            }
        ]
    },
    "default": {
        "Django": {
            "version": "==1.10.6",
            "hash": "sha256:2cfb83859bfaa10e2bd586340bead27c69fdcaa21fa683a008cc712482c26726"
        }
    }
}